{
  "version": 4,
  "terraform_version": "1.0.0",
  "serial": 6,
  "lineage": "22b3d7d7-8fba-4b92-d286-a1f6271b029d",
  "outputs": {},
  "resources": [
    {
      "mode": "managed",
      "type": "local_file",
      "name": "abc_file",
      "provider": "provider[\"registry.terraform.io/hashicorp/local\"]",
      "instances": [
        {
          "schema_version": 0,
          "attributes": {
            "content": "no name",
            "content_base64": null,
            "content_base64sha256": "8gjoJBTOj2UyV14ypZQTFUzZTytk8hnI+Ylw0+GLavE=",
            "content_base64sha512": "5d75YeBjdbKQmSf9Z621DRykI/2ykD2Ro+WYr75miJTyal9fusNbSEe4Vsbi98/x2bPXD/AUKfZ8gqU4zp3a2g==",
            "content_md5": "c5b61a7732a63a64c9053c89119019cb",
            "content_sha1": "4ea26d69d5b25c0175d2f1be3e5e27eb85562e74",
            "content_sha256": "f208e82414ce8f6532575e32a59413154cd94f2b64f219c8f98970d3e18b6af1",
            "content_sha512": "e5def961e06375b2909927fd67adb50d1ca423fdb2903d91a3e598afbe668894f26a5f5fbac35b4847b856c6e2f7cff1d9b3d70ff01429f67c82a538ce9ddada",
            "directory_permission": "0777",
            "file_permission": "0777",
            "filename": "/home/kalyan/var_abc.txt",
            "id": "4ea26d69d5b25c0175d2f1be3e5e27eb85562e74",
            "sensitive_content": null,
            "source": null
          },
          "sensitive_attributes": []
        }
      ]
    },
    {
      "mode": "managed",
      "type": "random_pet",
      "name": "pet",
      "provider": "provider[\"registry.terraform.io/hashicorp/random\"]",
      "instances": [
        {
          "schema_version": 0,
          "attributes": {
            "id": "Mr.devoted.bull",
            "keepers": null,
            "length": 2,
            "prefix": "Mr",
            "separator": "."
          },
          "sensitive_attributes": []
        }
      ]
    }
  ]
}
