{
  "version": 4,
  "terraform_version": "1.7.3",
  "serial": 4,
  "lineage": "4251ea2d-27f8-397a-936e-612f2c49cba1",
  "outputs": {},
  "resources": [
    {
      "module": "module.newfile",
      "mode": "managed",
      "type": "local_file",
      "name": "sample",
      "provider": "provider[\"registry.terraform.io/hashicorp/local\"]",
      "instances": [
        {
          "schema_version": 0,
          "attributes": {
            "content": "my file value from variables variables.tf x0x0x0 with lease ID taken",
            "content_base64": null,
            "content_base64sha256": "9P7ryLO0M3NkQ8ZsR47+0ZPceNBswnpjQwxwWsOxf60=",
            "content_base64sha512": "NGI66OwB461BCXkFejqGy+NruhYbxVRdDQ7ohny4b4D3Ly5LpwmGyu8VqBNgKIfp4+4b1zsFh99IDYlWuPqncw==",
            "content_md5": "c3df45c47d77411dc65f9c5518cb09e4",
            "content_sha1": "5fd9491930b7a3a72ec1c909c03549a1a66ad507",
            "content_sha256": "f4feebc8b3b433736443c66c478efed193dc78d06cc27a63430c705ac3b17fad",
            "content_sha512": "34623ae8ec01e3ad410979057a3a86cbe36bba161bc5545d0d0ee8867cb86f80f72f2e4ba70986caef15a813602887e9e3ee1bd73b0587df480d8956b8faa773",
            "directory_permission": "0777",
            "file_permission": "0777",
            "filename": "D:/neew file.txt",
            "id": "5fd9491930b7a3a72ec1c909c03549a1a66ad507",
            "sensitive_content": null,
            "source": null
          },
          "sensitive_attributes": []
        }
      ]
    }
  ],
  "check_results": null
}
