{
  "version": 4,
  "terraform_version": "1.7.3",
  "serial": 7,
  "lineage": "4251ea2d-27f8-397a-936e-612f2c49cba1",
  "outputs": {},
  "resources": [
    {
      "module": "module.newfile",
      "mode": "managed",
      "type": "local_file",
      "name": "sample",
      "provider": "provider[\"registry.terraform.io/hashicorp/local\"]",
      "instances": [
        {
          "schema_version": 0,
          "attributes": {
            "content": "newcontent",
            "content_base64": null,
            "content_base64sha256": "vr0fg1rQ3fvWUujAR+LZdrP83hSPF9iQeqf32mS1/SY=",
            "content_base64sha512": "uo1Z2wfBsCTzZFI0ISC6qrWJmw9hUgDxQ9nnE1h4a5g1oKYzdKNxgpy+uH3C6xn95y6kh9HSiXviY8GL55YGxg==",
            "content_md5": "03c399bc16c4ce5b3c73150d34664a07",
            "content_sha1": "e9df7cadc2f47a3929603bd560e04eca68277def",
            "content_sha256": "bebd1f835ad0ddfbd652e8c047e2d976b3fcde148f17d8907aa7f7da64b5fd26",
            "content_sha512": "ba8d59db07c1b024f36452342120baaab5899b0f615200f143d9e71358786b9835a0a63374a371829cbeb87dc2eb19fde72ea487d1d2897be263c18be79606c6",
            "directory_permission": "0777",
            "file_permission": "0777",
            "filename": "D:/neew file.txt",
            "id": "e9df7cadc2f47a3929603bd560e04eca68277def",
            "sensitive_content": null,
            "source": null
          },
          "sensitive_attributes": []
        }
      ]
    }
  ],
  "check_results": null
}
