{
  "version": 4,
  "terraform_version": "1.7.3",
  "serial": 1,
  "lineage": "4251ea2d-27f8-397a-936e-612f2c49cba1",
  "outputs": {},
  "resources": [
    {
      "module": "module.newfile",
      "mode": "managed",
      "type": "local_file",
      "name": "sample",
      "provider": "provider[\"registry.terraform.io/hashicorp/local\"]",
      "instances": [
        {
          "schema_version": 0,
          "attributes": {
            "content": "my file value from variables variables.tf with lease ID taken",
            "content_base64": null,
            "content_base64sha256": "50YJJQCAsdLgxi75PYyLaQSbsC4BguyOZYRd2ksVhbQ=",
            "content_base64sha512": "/oUVZs1iJwPE2KplrqwtzzoeNIdhjKIwzyIxJEA8FBkTz+b3SSfpts8lLsnhsJK4+rqAa3WB5uprSvjfCRHMwQ==",
            "content_md5": "185b19ac8205e1e69097ad47cc3d7a58",
            "content_sha1": "1d8f06aee97c61c5ce989e055ee10d3f60590957",
            "content_sha256": "e74609250080b1d2e0c62ef93d8c8b69049bb02e0182ec8e65845dda4b1585b4",
            "content_sha512": "fe851566cd622703c4d8aa65aeac2dcf3a1e3487618ca230cf223124403c141913cfe6f74927e9b6cf252ec9e1b092b8faba806b7581e6ea6b4af8df0911ccc1",
            "directory_permission": "0777",
            "file_permission": "0777",
            "filename": "D:/neew file.txt",
            "id": "1d8f06aee97c61c5ce989e055ee10d3f60590957",
            "sensitive_content": null,
            "source": null
          },
          "sensitive_attributes": []
        }
      ]
    }
  ],
  "check_results": null
}
