{
  "version": 4,
  "terraform_version": "1.0.0",
  "serial": 1,
  "lineage": "6951efb2-18e8-3e74-b62a-d96349e43748",
  "outputs": {},
  "resources": [
    {
      "mode": "managed",
      "type": "local_file",
      "name": "sample",
      "provider": "provider[\"registry.terraform.io/hashicorp/local\"]",
      "instances": [
        {
          "schema_version": 0,
          "attributes": {
            "content": "Hello there, this is my new file !",
            "content_base64": null,
            "content_base64sha256": "ExBvc3f5G0ZpSXq0RgzE4A3GS/DXqItm3cpVNsziscw=",
            "content_base64sha512": "JX8HKUnLezmOWQaqTXUJyftzFJD71aYLog2n2WWTgv7wYczYMD0MAOZ8dko9i25aJ2RPz4u79srhrgLahbqVcA==",
            "content_md5": "84b4036f919fcc64d09dd5f118427e94",
            "content_sha1": "335c1b0a76348f6eca3be2e90e0051464314f011",
            "content_sha256": "13106f7377f91b4669497ab4460cc4e00dc64bf0d7a88b66ddca5536cce2b1cc",
            "content_sha512": "257f072949cb7b398e5906aa4d7509c9fb731490fbd5a60ba20da7d9659382fef061ccd8303d0c00e67c764a3d8b6e5a27644fcf8bbbf6cae1ae02da85ba9570",
            "directory_permission": "0777",
            "file_permission": "0777",
            "filename": "/home/kalyan/new.txt",
            "id": "335c1b0a76348f6eca3be2e90e0051464314f011",
            "sensitive_content": null,
            "source": null
          },
          "sensitive_attributes": []
        }
      ]
    }
  ]
}
