{
  "version": 4,
  "terraform_version": "1.0.0",
  "serial": 17,
  "lineage": "5f457ec8-d733-277a-b71b-b5aa5b9ba915",
  "outputs": {},
  "resources": [
    {
      "mode": "data",
      "type": "local_file",
      "name": "beta",
      "provider": "provider[\"registry.terraform.io/hashicorp/local\"]",
      "instances": [
        {
          "schema_version": 0,
          "attributes": {
            "content": "new file\n",
            "content_base64": "bmV3IGZpbGUK",
            "content_base64sha256": "DxU4TRh4mx6/MEPce2vCcnPIV2Nz++tvPhWFS1iBQcA=",
            "content_base64sha512": "I/Q4J/uBUz2v9oiqmDt5CNGWFsxOH8Jon+0ofc/VEXFJ6CmihANrPk6uJ/pHbwQepPma93HPb6Fpq1bewgCkHw==",
            "content_md5": "18519bfbd592b4e6cb238c5ccdbc209f",
            "content_sha1": "8d905cdc9e9957824ab1c8f574733bf48a8ba46b",
            "content_sha256": "0f15384d18789b1ebf3043dc7b6bc27273c8576373fbeb6f3e15854b588141c0",
            "content_sha512": "23f43827fb81533daff688aa983b7908d19616cc4e1fc2689fed287dcfd5117149e829a284036b3e4eae27fa476f041ea4f99af771cf6fa169ab56dec200a41f",
            "filename": "/home/kalyan/aaa.txt",
            "id": "8d905cdc9e9957824ab1c8f574733bf48a8ba46b"
          },
          "sensitive_attributes": []
        }
      ]
    },
    {
      "mode": "managed",
      "type": "local_file",
      "name": "sample",
      "provider": "provider[\"registry.terraform.io/hashicorp/local\"]",
      "instances": [
        {
          "index_key": 0,
          "schema_version": 0,
          "attributes": {
            "content": "new file\n",
            "content_base64": null,
            "content_base64sha256": "DxU4TRh4mx6/MEPce2vCcnPIV2Nz++tvPhWFS1iBQcA=",
            "content_base64sha512": "I/Q4J/uBUz2v9oiqmDt5CNGWFsxOH8Jon+0ofc/VEXFJ6CmihANrPk6uJ/pHbwQepPma93HPb6Fpq1bewgCkHw==",
            "content_md5": "18519bfbd592b4e6cb238c5ccdbc209f",
            "content_sha1": "8d905cdc9e9957824ab1c8f574733bf48a8ba46b",
            "content_sha256": "0f15384d18789b1ebf3043dc7b6bc27273c8576373fbeb6f3e15854b588141c0",
            "content_sha512": "23f43827fb81533daff688aa983b7908d19616cc4e1fc2689fed287dcfd5117149e829a284036b3e4eae27fa476f041ea4f99af771cf6fa169ab56dec200a41f",
            "directory_permission": "0777",
            "file_permission": "0777",
            "filename": "/home/kalyan/terra/lfc/xxx.txt",
            "id": "8d905cdc9e9957824ab1c8f574733bf48a8ba46b",
            "sensitive_content": null,
            "source": null
          },
          "sensitive_attributes": [],
          "dependencies": [
            "data.local_file.beta"
          ]
        },
        {
          "index_key": 1,
          "schema_version": 0,
          "attributes": {
            "content": "new file\n",
            "content_base64": null,
            "content_base64sha256": "DxU4TRh4mx6/MEPce2vCcnPIV2Nz++tvPhWFS1iBQcA=",
            "content_base64sha512": "I/Q4J/uBUz2v9oiqmDt5CNGWFsxOH8Jon+0ofc/VEXFJ6CmihANrPk6uJ/pHbwQepPma93HPb6Fpq1bewgCkHw==",
            "content_md5": "18519bfbd592b4e6cb238c5ccdbc209f",
            "content_sha1": "8d905cdc9e9957824ab1c8f574733bf48a8ba46b",
            "content_sha256": "0f15384d18789b1ebf3043dc7b6bc27273c8576373fbeb6f3e15854b588141c0",
            "content_sha512": "23f43827fb81533daff688aa983b7908d19616cc4e1fc2689fed287dcfd5117149e829a284036b3e4eae27fa476f041ea4f99af771cf6fa169ab56dec200a41f",
            "directory_permission": "0777",
            "file_permission": "0777",
            "filename": "/home/kalyan/terra/lfc/yyy.txt",
            "id": "8d905cdc9e9957824ab1c8f574733bf48a8ba46b",
            "sensitive_content": null,
            "source": null
          },
          "sensitive_attributes": [],
          "dependencies": [
            "data.local_file.beta"
          ]
        },
        {
          "index_key": 2,
          "schema_version": 0,
          "attributes": {
            "content": "new file\n",
            "content_base64": null,
            "content_base64sha256": "DxU4TRh4mx6/MEPce2vCcnPIV2Nz++tvPhWFS1iBQcA=",
            "content_base64sha512": "I/Q4J/uBUz2v9oiqmDt5CNGWFsxOH8Jon+0ofc/VEXFJ6CmihANrPk6uJ/pHbwQepPma93HPb6Fpq1bewgCkHw==",
            "content_md5": "18519bfbd592b4e6cb238c5ccdbc209f",
            "content_sha1": "8d905cdc9e9957824ab1c8f574733bf48a8ba46b",
            "content_sha256": "0f15384d18789b1ebf3043dc7b6bc27273c8576373fbeb6f3e15854b588141c0",
            "content_sha512": "23f43827fb81533daff688aa983b7908d19616cc4e1fc2689fed287dcfd5117149e829a284036b3e4eae27fa476f041ea4f99af771cf6fa169ab56dec200a41f",
            "directory_permission": "0777",
            "file_permission": "0777",
            "filename": "/home/kalyan/terra/lfc/zzz.txt",
            "id": "8d905cdc9e9957824ab1c8f574733bf48a8ba46b",
            "sensitive_content": null,
            "source": null
          },
          "sensitive_attributes": [],
          "dependencies": [
            "data.local_file.beta"
          ]
        }
      ]
    }
  ]
}
