{
  "version": 4,
  "terraform_version": "1.0.0",
  "serial": 45,
  "lineage": "5f457ec8-d733-277a-b71b-b5aa5b9ba915",
  "outputs": {},
  "resources": [
    {
      "mode": "data",
      "type": "local_file",
      "name": "beta",
      "provider": "provider[\"registry.terraform.io/hashicorp/local\"]",
      "instances": [
        {
          "schema_version": 0,
          "attributes": {
            "content": "hi\n\n\nthis\nis\nkalyan\n\n\n\n\n\n\n---End of the data tutorial---\n",
            "content_base64": "aGkKCgp0aGlzCmlzCmthbHlhbgoKCgoKCgotLS1FbmQgb2YgdGhlIGRhdGEgdHV0b3JpYWwtLS0K",
            "content_base64sha256": "7/iEoV7vUBIAmJjeKEhYYCgU8z8dL8+YMD4iS0F/Fdo=",
            "content_base64sha512": "YvzHySy3rXTYZepN3M1WDRJnifBnpyHZWz8OayT7QY01gbaS3UyM40HT60HSm7OHkA0h52HSCcwJXZGE9Jz+Zw==",
            "content_md5": "b63971e996350a6400c072c4c1cd2746",
            "content_sha1": "7a1e92673c4f8565f45e41bb6364796cea75f5eb",
            "content_sha256": "eff884a15eef5012009898de284858602814f33f1d2fcf98303e224b417f15da",
            "content_sha512": "62fcc7c92cb7ad74d865ea4ddccd560d126789f067a721d95b3f0e6b24fb418d3581b692dd4c8ce341d3eb41d29bb387900d21e761d209cc095d9184f49cfe67",
            "filename": "/home/kalyan/aaa.txt",
            "id": "7a1e92673c4f8565f45e41bb6364796cea75f5eb"
          },
          "sensitive_attributes": []
        }
      ]
    },
    {
      "mode": "managed",
      "type": "local_file",
      "name": "sample",
      "provider": "provider[\"registry.terraform.io/hashicorp/local\"]",
      "instances": [
        {
          "index_key": "/home/kalyan/terra/foreach/x.txt",
          "schema_version": 0,
          "attributes": {
            "content": "hi\n\n\nthis\nis\nkalyan\n\n\n\n\n\n\n---End of the data tutorial---\n",
            "content_base64": null,
            "content_base64sha256": "7/iEoV7vUBIAmJjeKEhYYCgU8z8dL8+YMD4iS0F/Fdo=",
            "content_base64sha512": "YvzHySy3rXTYZepN3M1WDRJnifBnpyHZWz8OayT7QY01gbaS3UyM40HT60HSm7OHkA0h52HSCcwJXZGE9Jz+Zw==",
            "content_md5": "b63971e996350a6400c072c4c1cd2746",
            "content_sha1": "7a1e92673c4f8565f45e41bb6364796cea75f5eb",
            "content_sha256": "eff884a15eef5012009898de284858602814f33f1d2fcf98303e224b417f15da",
            "content_sha512": "62fcc7c92cb7ad74d865ea4ddccd560d126789f067a721d95b3f0e6b24fb418d3581b692dd4c8ce341d3eb41d29bb387900d21e761d209cc095d9184f49cfe67",
            "directory_permission": "0777",
            "file_permission": "0777",
            "filename": "/home/kalyan/terra/foreach/x.txt",
            "id": "7a1e92673c4f8565f45e41bb6364796cea75f5eb",
            "sensitive_content": null,
            "source": null
          },
          "sensitive_attributes": [],
          "dependencies": [
            "data.local_file.beta"
          ],
          "create_before_destroy": true
        },
        {
          "index_key": "/home/kalyan/terra/foreach/y.txt",
          "schema_version": 0,
          "attributes": {
            "content": "hi\n\n\nthis\nis\nkalyan\n\n\n\n\n\n\n---End of the data tutorial---\n",
            "content_base64": null,
            "content_base64sha256": "7/iEoV7vUBIAmJjeKEhYYCgU8z8dL8+YMD4iS0F/Fdo=",
            "content_base64sha512": "YvzHySy3rXTYZepN3M1WDRJnifBnpyHZWz8OayT7QY01gbaS3UyM40HT60HSm7OHkA0h52HSCcwJXZGE9Jz+Zw==",
            "content_md5": "b63971e996350a6400c072c4c1cd2746",
            "content_sha1": "7a1e92673c4f8565f45e41bb6364796cea75f5eb",
            "content_sha256": "eff884a15eef5012009898de284858602814f33f1d2fcf98303e224b417f15da",
            "content_sha512": "62fcc7c92cb7ad74d865ea4ddccd560d126789f067a721d95b3f0e6b24fb418d3581b692dd4c8ce341d3eb41d29bb387900d21e761d209cc095d9184f49cfe67",
            "directory_permission": "0777",
            "file_permission": "0777",
            "filename": "/home/kalyan/terra/foreach/y.txt",
            "id": "7a1e92673c4f8565f45e41bb6364796cea75f5eb",
            "sensitive_content": null,
            "source": null
          },
          "sensitive_attributes": [],
          "dependencies": [
            "data.local_file.beta"
          ],
          "create_before_destroy": true
        },
        {
          "index_key": "/home/kalyan/terra/foreach/z.txt",
          "schema_version": 0,
          "attributes": {
            "content": "hi\n\n\nthis\nis\nkalyan\n\n\n\n\n\n\n---End of the data tutorial---\n",
            "content_base64": null,
            "content_base64sha256": "7/iEoV7vUBIAmJjeKEhYYCgU8z8dL8+YMD4iS0F/Fdo=",
            "content_base64sha512": "YvzHySy3rXTYZepN3M1WDRJnifBnpyHZWz8OayT7QY01gbaS3UyM40HT60HSm7OHkA0h52HSCcwJXZGE9Jz+Zw==",
            "content_md5": "b63971e996350a6400c072c4c1cd2746",
            "content_sha1": "7a1e92673c4f8565f45e41bb6364796cea75f5eb",
            "content_sha256": "eff884a15eef5012009898de284858602814f33f1d2fcf98303e224b417f15da",
            "content_sha512": "62fcc7c92cb7ad74d865ea4ddccd560d126789f067a721d95b3f0e6b24fb418d3581b692dd4c8ce341d3eb41d29bb387900d21e761d209cc095d9184f49cfe67",
            "directory_permission": "0777",
            "file_permission": "0777",
            "filename": "/home/kalyan/terra/foreach/z.txt",
            "id": "7a1e92673c4f8565f45e41bb6364796cea75f5eb",
            "sensitive_content": null,
            "source": null
          },
          "sensitive_attributes": [],
          "dependencies": [
            "data.local_file.beta"
          ],
          "create_before_destroy": true
        }
      ]
    }
  ]
}
