{
  "version": 4,
  "terraform_version": "1.7.3",
  "serial": 6,
  "lineage": "9161e81a-8b1c-bd36-bccc-946c9ba3fc2b",
  "outputs": {},
  "resources": [
    {
      "module": "module.acr",
      "mode": "managed",
      "type": "azurerm_container_registry",
      "name": "acr",
      "provider": "module.acr.provider[\"registry.terraform.io/hashicorp/azurerm\"]",
      "instances": [
        {
          "schema_version": 2,
          "attributes": {
            "admin_enabled": false,
            "admin_password": "",
            "admin_username": "",
            "anonymous_pull_enabled": false,
            "data_endpoint_enabled": false,
            "encryption": [
              {
                "enabled": false,
                "identity_client_id": "",
                "key_vault_key_id": ""
              }
            ],
            "export_policy_enabled": true,
            "georeplications": [],
            "id": "/subscriptions/b5e6643b-f1e3-47cf-b754-afa812bad9e1/resourceGroups/cloud_kalyan/providers/Microsoft.ContainerRegistry/registries/bullakalyanacr",
            "identity": [],
            "location": "eastus",
            "login_server": "bullakalyanacr.azurecr.io",
            "name": "bullakalyanacr",
            "network_rule_bypass_option": "AzureServices",
            "network_rule_set": [],
            "public_network_access_enabled": true,
            "quarantine_policy_enabled": false,
            "resource_group_name": "cloud_kalyan",
            "retention_policy": [
              {
                "days": 7,
                "enabled": false
              }
            ],
            "sku": "Basic",
            "tags": null,
            "timeouts": null,
            "trust_policy": [
              {
                "enabled": false
              }
            ],
            "zone_redundancy_enabled": false
          },
          "sensitive_attributes": [],
          "private": "eyJlMmJmYjczMC1lY2FhLTExZTYtOGY4OC0zNDM2M2JjN2M0YzAiOnsiY3JlYXRlIjoxODAwMDAwMDAwMDAwLCJkZWxldGUiOjE4MDAwMDAwMDAwMDAsInJlYWQiOjMwMDAwMDAwMDAwMCwidXBkYXRlIjoxODAwMDAwMDAwMDAwfSwic2NoZW1hX3ZlcnNpb24iOiIyIn0=",
          "dependencies": [
            "module.acr.azurerm_resource_group.rg"
          ]
        }
      ]
    },
    {
      "module": "module.acr",
      "mode": "managed",
      "type": "azurerm_resource_group",
      "name": "rg",
      "provider": "module.acr.provider[\"registry.terraform.io/hashicorp/azurerm\"]",
      "instances": [
        {
          "schema_version": 0,
          "attributes": {
            "id": "/subscriptions/b5e6643b-f1e3-47cf-b754-afa812bad9e1/resourceGroups/cloud_kalyan",
            "location": "eastus",
            "managed_by": "",
            "name": "cloud_kalyan",
            "tags": {},
            "timeouts": null
          },
          "sensitive_attributes": [],
          "private": "eyJlMmJmYjczMC1lY2FhLTExZTYtOGY4OC0zNDM2M2JjN2M0YzAiOnsiY3JlYXRlIjo1NDAwMDAwMDAwMDAwLCJkZWxldGUiOjU0MDAwMDAwMDAwMDAsInJlYWQiOjMwMDAwMDAwMDAwMCwidXBkYXRlIjo1NDAwMDAwMDAwMDAwfX0="
        }
      ]
    },
    {
      "module": "module.local_file",
      "mode": "managed",
      "type": "local_file",
      "name": "sample",
      "provider": "provider[\"registry.terraform.io/hashicorp/local\"]",
      "instances": [
        {
          "schema_version": 0,
          "attributes": {
            "content": "bullakalyanacr.azurecr.io",
            "content_base64": null,
            "content_base64sha256": "NiztBhwMosgRqwo8v4GvsaoqhMq1yImTPKm+Imk2IAI=",
            "content_base64sha512": "/VLgsdxpE+xPC1idev7c6PwSS8iRurV+YxtBVA7whOMuCSkmq8JTUMFfc8H3yFqboDydxpjGfyH5f1AeZevpbg==",
            "content_md5": "e90e76b340aca1fe2947a5114bc8c15a",
            "content_sha1": "cf5423f8894b75ef5a432bb06823b8c92ec43226",
            "content_sha256": "362ced061c0ca2c811ab0a3cbf81afb1aa2a84cab5c889933ca9be2269362002",
            "content_sha512": "fd52e0b1dc6913ec4f0b589d7afedce8fc124bc891bab57e631b41540ef084e32e092926abc25350c15f73c1f7c85a9ba03c9dc698c67f21f97f501e65ebe96e",
            "directory_permission": "0777",
            "file_permission": "0777",
            "filename": "D:/server_name.txt",
            "id": "cf5423f8894b75ef5a432bb06823b8c92ec43226",
            "sensitive_content": null,
            "source": null
          },
          "sensitive_attributes": [],
          "dependencies": [
            "module.acr.azurerm_container_registry.acr",
            "module.acr.azurerm_resource_group.rg"
          ]
        }
      ]
    }
  ],
  "check_results": null
}
