{
  "version": 4,
  "terraform_version": "1.7.3",
  "serial": 1,
  "lineage": "5743c939-7e6b-5796-728e-cf2c82948e8b",
  "outputs": {},
  "resources": [
    {
      "mode": "managed",
      "type": "azurerm_storage_container",
      "name": "ctr1",
      "provider": "provider[\"registry.terraform.io/hashicorp/azurerm\"]",
      "instances": [
        {
          "schema_version": 1,
          "attributes": {
            "container_access_type": "blob",
            "has_immutability_policy": false,
            "has_legal_hold": false,
            "id": "https://byandforterraform.blob.core.windows.net/statefiles",
            "metadata": {},
            "name": "statefiles",
            "resource_manager_id": "/subscriptions/afee5acf-48f0-4934-9362-dc590c52f39f/resourceGroups/vmware-rg/providers/Microsoft.Storage/storageAccounts/byandforterraform/blobServices/default/containers/statefiles",
            "storage_account_name": "byandforterraform",
            "timeouts": null
          },
          "sensitive_attributes": [],
          "private": "eyJlMmJmYjczMC1lY2FhLTExZTYtOGY4OC0zNDM2M2JjN2M0YzAiOnsiY3JlYXRlIjoxODAwMDAwMDAwMDAwLCJkZWxldGUiOjE4MDAwMDAwMDAwMDAsInJlYWQiOjMwMDAwMDAwMDAwMCwidXBkYXRlIjoxODAwMDAwMDAwMDAwfSwic2NoZW1hX3ZlcnNpb24iOiIxIn0="
        }
      ]
    }
  ],
  "check_results": null
}
