{
  "version": 4,
  "terraform_version": "1.0.0",
  "serial": 3,
  "lineage": "22b3d7d7-8fba-4b92-d286-a1f6271b029d",
  "outputs": {},
  "resources": [
    {
      "mode": "managed",
      "type": "local_file",
      "name": "abc_file",
      "provider": "provider[\"registry.terraform.io/hashicorp/local\"]",
      "instances": [
        {
          "schema_version": 0,
          "attributes": {
            "content": "hello there",
            "content_base64": null,
            "content_base64sha256": "EpmMAXBm6w0qcLlObtMZKYWFXOOQ8yG724MgIoiL0lE=",
            "content_base64sha512": "t+mMeMJPtMLHsXXpBHSyHq4MzxtepHCLTg8tKUAARBntxxYcGKHnGyVl3wmboBe8qmeiSOKYm2JozgeLiPLiEA==",
            "content_md5": "161bc25962da8fed6d2f59922fb642aa",
            "content_sha1": "6e71b3cac15d32fe2d36c270887df9479c25c640",
            "content_sha256": "12998c017066eb0d2a70b94e6ed3192985855ce390f321bbdb832022888bd251",
            "content_sha512": "b7e98c78c24fb4c2c7b175e90474b21eae0ccf1b5ea4708b4e0f2d2940004419edc7161c18a1e71b2565df099ba017bcaa67a248e2989b6268ce078b88f2e210",
            "directory_permission": "0777",
            "file_permission": "0777",
            "filename": "/home/kalyan/var_abc.txt",
            "id": "6e71b3cac15d32fe2d36c270887df9479c25c640",
            "sensitive_content": null,
            "source": null
          },
          "sensitive_attributes": []
        }
      ]
    },
    {
      "mode": "managed",
      "type": "random_pet",
      "name": "pet",
      "provider": "provider[\"registry.terraform.io/hashicorp/random\"]",
      "instances": [
        {
          "schema_version": 0,
          "attributes": {
            "id": "Mr.devoted.bull",
            "keepers": null,
            "length": 2,
            "prefix": "Mr",
            "separator": "."
          },
          "sensitive_attributes": []
        }
      ]
    }
  ]
}
