{
  "version": 4,
  "terraform_version": "1.0.0",
  "serial": 1,
  "lineage": "b0ec6b63-9b8a-79df-16a0-ee9f84ade3f9",
  "outputs": {},
  "resources": [
    {
      "mode": "managed",
      "type": "local_file",
      "name": "sample",
      "provider": "provider[\"registry.terraform.io/hashicorp/local\"]",
      "instances": [
        {
          "schema_version": 0,
          "attributes": {
            "content": "Hello there, this is my new file updated in linux and pushed to git ! ",
            "content_base64": null,
            "content_base64sha256": "CCv7ZWpX6G+64FNmH6qJrnEMKTxDqMplha1anvfRAbY=",
            "content_base64sha512": "ISa3Y9bY+Xg8pshqYlwj6OVNjqFk579AIE6tqZapKjGzmxkQcjvQG3bP0vMUCZuVJRKsVdgri/Lnho14Tu4dpw==",
            "content_md5": "ecb2e317d1ea3eef918403414218509c",
            "content_sha1": "9a193dbe41859aaa15f0a94b8cd4e5fbac593ce3",
            "content_sha256": "082bfb656a57e86fbae053661faa89ae710c293c43a8ca6585ad5a9ef7d101b6",
            "content_sha512": "2126b763d6d8f9783ca6c86a625c23e8e54d8ea164e7bf40204eada996a92a31b39b1910723bd01b76cfd2f314099b952512ac55d82b8bf2e7868d784eee1da7",
            "directory_permission": "0777",
            "file_permission": "0777",
            "filename": "/home/kalyan/new.txt",
            "id": "9a193dbe41859aaa15f0a94b8cd4e5fbac593ce3",
            "sensitive_content": null,
            "source": null
          },
          "sensitive_attributes": []
        }
      ]
    }
  ]
}
