{
  "version": 4,
  "terraform_version": "1.0.0",
  "serial": 27,
  "lineage": "b0ec6b63-9b8a-79df-16a0-ee9f84ade3f9",
  "outputs": {},
  "resources": [
    {
      "mode": "data",
      "type": "local_file",
      "name": "beta",
      "provider": "provider[\"registry.terraform.io/hashicorp/local\"]",
      "instances": [
        {
          "schema_version": 0,
          "attributes": {
            "content": "new file created in linux \u0026 now changed once. ignored changes added\n",
            "content_base64": "bmV3IGZpbGUgY3JlYXRlZCBpbiBsaW51eCAmIG5vdyBjaGFuZ2VkIG9uY2UuIGlnbm9yZWQgY2hhbmdlcyBhZGRlZAo=",
            "content_base64sha256": "lUWT577XlFyydkJdjprrkAiEt5t1WHQp5uMJYHPieCM=",
            "content_base64sha512": "0lxkReNxU7g3TnycPCO7ROIsWr/8z9fTIdAofLm2akjVsUBMlR4FqAVWXzUmquYAYDBpu0EaOd0PxFaS6xZBFQ==",
            "content_md5": "a519e46b53dff148b01ff1c0e039bb4b",
            "content_sha1": "37e39a2abd0e0784d4960ccff799375d5345d474",
            "content_sha256": "954593e7bed7945cb276425d8e9aeb900884b79b75587429e6e3096073e27823",
            "content_sha512": "d25c6445e37153b8374e7c9c3c23bb44e22c5abffccfd7d321d0287cb9b66a48d5b1404c951e05a805565f3526aae600603069bb411a39dd0fc45692eb164115",
            "filename": "/home/kalyan/aaa.txt",
            "id": "37e39a2abd0e0784d4960ccff799375d5345d474"
          },
          "sensitive_attributes": []
        }
      ]
    },
    {
      "mode": "managed",
      "type": "local_file",
      "name": "sample",
      "provider": "provider[\"registry.terraform.io/hashicorp/local\"]",
      "instances": [
        {
          "schema_version": 0,
          "attributes": {
            "content": "new file created in linux \u0026 now changed once. ignored changes added\n",
            "content_base64": null,
            "content_base64sha256": "lUWT577XlFyydkJdjprrkAiEt5t1WHQp5uMJYHPieCM=",
            "content_base64sha512": "0lxkReNxU7g3TnycPCO7ROIsWr/8z9fTIdAofLm2akjVsUBMlR4FqAVWXzUmquYAYDBpu0EaOd0PxFaS6xZBFQ==",
            "content_md5": "a519e46b53dff148b01ff1c0e039bb4b",
            "content_sha1": "37e39a2abd0e0784d4960ccff799375d5345d474",
            "content_sha256": "954593e7bed7945cb276425d8e9aeb900884b79b75587429e6e3096073e27823",
            "content_sha512": "d25c6445e37153b8374e7c9c3c23bb44e22c5abffccfd7d321d0287cb9b66a48d5b1404c951e05a805565f3526aae600603069bb411a39dd0fc45692eb164115",
            "directory_permission": "0777",
            "file_permission": "0777",
            "filename": "/home/kalyan/terra/lfc/apc.txt",
            "id": "37e39a2abd0e0784d4960ccff799375d5345d474",
            "sensitive_content": null,
            "source": null
          },
          "sensitive_attributes": [],
          "dependencies": [
            "data.local_file.beta"
          ],
          "create_before_destroy": true
        }
      ]
    }
  ]
}
